
Microsoft Visual Studio Solution File, Format Version 12.00
# Visual Studio Version 17
VisualStudioVersion = 17.7.34018.315
MinimumVisualStudioVersion = 10.0.40219.1
Project("{9A19103F-16F7-4668-BE54-9A1E7A4F7556}") = "RecordsInsideOut", "RecordsInsideOut\RecordsInsideOut.csproj", "{EC601C12-BD15-4CD9-8230-0ADD0C5C26F5}"
EndProject
Project("{9A19103F-16F7-4668-BE54-9A1E7A4F7556}") = "RecordsInsideOut.Test", "RecordsInsideOut.Test\RecordsInsideOut.Test.csproj", "{65204DDB-4D75-4498-A14F-8E295C9DC022}"
EndProject
Project("{2150E333-8FDC-42A3-9474-1A3956D46DE8}") = "Records", "Records", "{10233A86-CEE5-4A94-A443-B5055A96B1DC}"
EndProject
Project("{2150E333-8FDC-42A3-9474-1A3956D46DE8}") = "csharp9", "csharp9", "{F830AAB3-779A-465F-B795-F11C5AB48DBB}"
EndProject
Project("{2150E333-8FDC-42A3-9474-1A3956D46DE8}") = "Samples", "Samples", "{2156C7AC-7BDB-401F-9630-4A11DC698010}"
EndProject
Project("{2150E333-8FDC-42A3-9474-1A3956D46DE8}") = "Validation", "Validation", "{6E352202-F3BB-436E-B0E0-3CF26ECB2373}"
EndProject
Project("{FAE04EC0-301F-11D3-BF4B-00C04F79EFBC}") = "Validation.Api", "Validation.Api\Validation.Api.csproj", "{52F802DF-C0E5-496E-B334-5C47CCB15ED2}"
EndProject
Global
	GlobalSection(SolutionConfigurationPlatforms) = preSolution
		Debug|Any CPU = Debug|Any CPU
		Release|Any CPU = Release|Any CPU
	EndGlobalSection
	GlobalSection(ProjectConfigurationPlatforms) = postSolution
		{EC601C12-BD15-4CD9-8230-0ADD0C5C26F5}.Debug|Any CPU.ActiveCfg = Debug|Any CPU
		{EC601C12-BD15-4CD9-8230-0ADD0C5C26F5}.Debug|Any CPU.Build.0 = Debug|Any CPU
		{EC601C12-BD15-4CD9-8230-0ADD0C5C26F5}.Release|Any CPU.ActiveCfg = Release|Any CPU
		{EC601C12-BD15-4CD9-8230-0ADD0C5C26F5}.Release|Any CPU.Build.0 = Release|Any CPU
		{65204DDB-4D75-4498-A14F-8E295C9DC022}.Debug|Any CPU.ActiveCfg = Debug|Any CPU
		{65204DDB-4D75-4498-A14F-8E295C9DC022}.Debug|Any CPU.Build.0 = Debug|Any CPU
		{65204DDB-4D75-4498-A14F-8E295C9DC022}.Release|Any CPU.ActiveCfg = Release|Any CPU
		{65204DDB-4D75-4498-A14F-8E295C9DC022}.Release|Any CPU.Build.0 = Release|Any CPU
		{52F802DF-C0E5-496E-B334-5C47CCB15ED2}.Debug|Any CPU.ActiveCfg = Debug|Any CPU
		{52F802DF-C0E5-496E-B334-5C47CCB15ED2}.Debug|Any CPU.Build.0 = Debug|Any CPU
		{52F802DF-C0E5-496E-B334-5C47CCB15ED2}.Release|Any CPU.ActiveCfg = Release|Any CPU
		{52F802DF-C0E5-496E-B334-5C47CCB15ED2}.Release|Any CPU.Build.0 = Release|Any CPU
	EndGlobalSection
	GlobalSection(SolutionProperties) = preSolution
		HideSolutionNode = FALSE
	EndGlobalSection
	GlobalSection(NestedProjects) = preSolution
		{EC601C12-BD15-4CD9-8230-0ADD0C5C26F5} = {10233A86-CEE5-4A94-A443-B5055A96B1DC}
		{65204DDB-4D75-4498-A14F-8E295C9DC022} = {10233A86-CEE5-4A94-A443-B5055A96B1DC}
		{10233A86-CEE5-4A94-A443-B5055A96B1DC} = {F830AAB3-779A-465F-B795-F11C5AB48DBB}
		{6E352202-F3BB-436E-B0E0-3CF26ECB2373} = {2156C7AC-7BDB-401F-9630-4A11DC698010}
		{52F802DF-C0E5-496E-B334-5C47CCB15ED2} = {6E352202-F3BB-436E-B0E0-3CF26ECB2373}
	EndGlobalSection
	GlobalSection(ExtensibilityGlobals) = postSolution
		SolutionGuid = {2E21ECEA-420C-410F-964E-BA5F2DD02E36}
	EndGlobalSection
EndGlobal
